// !$*UTF8*$!
{
	archiveVersion = 1;
	classes = {
	};
	objectVersion = 50;
	objects = {

/* Begin PBXBuildFile section */
		D9025F44BA4A73714AC7FC7A /* Pods_EGIC.framework in Frameworks */ = {isa = PBXBuildFile; fileRef = B38395999298B91A549E5F5D /* Pods_EGIC.framework */; };
		F060107022CF6D9E008BDCF4 /* AppDelegate.swift in Sources */ = {isa = PBXBuildFile; fileRef = F060106F22CF6D9E008BDCF4 /* AppDelegate.swift */; };
		F060107222CF6D9E008BDCF4 /* SplashScreenController.swift in Sources */ = {isa = PBXBuildFile; fileRef = F060107122CF6D9E008BDCF4 /* SplashScreenController.swift */; };
		F060107522CF6D9E008BDCF4 /* Main.storyboard in Resources */ = {isa = PBXBuildFile; fileRef = F060107322CF6D9E008BDCF4 /* Main.storyboard */; };
		F060107722CF6DA0008BDCF4 /* Assets.xcassets in Resources */ = {isa = PBXBuildFile; fileRef = F060107622CF6DA0008BDCF4 /* Assets.xcassets */; };
		F060107A22CF6DA0008BDCF4 /* LaunchScreen.storyboard in Resources */ = {isa = PBXBuildFile; fileRef = F060107822CF6DA0008BDCF4 /* LaunchScreen.storyboard */; };
		F060108922CF73A5008BDCF4 /* ApiManager.swift in Sources */ = {isa = PBXBuildFile; fileRef = F060108822CF73A5008BDCF4 /* ApiManager.swift */; };
		F060108B22CF7450008BDCF4 /* ClientServices.swift in Sources */ = {isa = PBXBuildFile; fileRef = F060108A22CF7450008BDCF4 /* ClientServices.swift */; };
		F060108D22CF7485008BDCF4 /* Client.swift in Sources */ = {isa = PBXBuildFile; fileRef = F060108C22CF7485008BDCF4 /* Client.swift */; };
		F060108F22CF766A008BDCF4 /* HelperData.swift in Sources */ = {isa = PBXBuildFile; fileRef = F060108E22CF766A008BDCF4 /* HelperData.swift */; };
		F060109122CF7759008BDCF4 /* Extentions.swift in Sources */ = {isa = PBXBuildFile; fileRef = F060109022CF7759008BDCF4 /* Extentions.swift */; };
		F060109322CF781B008BDCF4 /* Categories.swift in Sources */ = {isa = PBXBuildFile; fileRef = F060109222CF781B008BDCF4 /* Categories.swift */; };
		F060109822CFBFA9008BDCF4 /* SignInController.swift in Sources */ = {isa = PBXBuildFile; fileRef = F060109722CFBFA9008BDCF4 /* SignInController.swift */; };
		F060109A22CFC283008BDCF4 /* SignUpController.swift in Sources */ = {isa = PBXBuildFile; fileRef = F060109922CFC283008BDCF4 /* SignUpController.swift */; };
		F060109C22CFCBF8008BDCF4 /* TermsOfServiceController.swift in Sources */ = {isa = PBXBuildFile; fileRef = F060109B22CFCBF8008BDCF4 /* TermsOfServiceController.swift */; };
		F07707B322D7709B00212D78 /* Alerts.storyboard in Resources */ = {isa = PBXBuildFile; fileRef = F07707B522D7709B00212D78 /* Alerts.storyboard */; };
		F079142C22DCA4A400CC1700 /* CalculateResultCell.swift in Sources */ = {isa = PBXBuildFile; fileRef = F079142A22DCA4A400CC1700 /* CalculateResultCell.swift */; };
		F079142D22DCA4A400CC1700 /* CalculateResultCell.xib in Resources */ = {isa = PBXBuildFile; fileRef = F079142B22DCA4A400CC1700 /* CalculateResultCell.xib */; };
		F079143022DCA52C00CC1700 /* CalculateItemCell.swift in Sources */ = {isa = PBXBuildFile; fileRef = F079142E22DCA52C00CC1700 /* CalculateItemCell.swift */; };
		F079143122DCA52C00CC1700 /* CalculateItemCell.xib in Resources */ = {isa = PBXBuildFile; fileRef = F079142F22DCA52C00CC1700 /* CalculateItemCell.xib */; };
		F0981DF622D76428004D0878 /* OneButtonAlertController.swift in Sources */ = {isa = PBXBuildFile; fileRef = F0981DF522D76428004D0878 /* OneButtonAlertController.swift */; };
		F0981DF822D76451004D0878 /* TwoButtonAlertController.swift in Sources */ = {isa = PBXBuildFile; fileRef = F0981DF722D76451004D0878 /* TwoButtonAlertController.swift */; };
		F0981DFA22D76491004D0878 /* ChangeLanguageAlert.swift in Sources */ = {isa = PBXBuildFile; fileRef = F0981DF922D76491004D0878 /* ChangeLanguageAlert.swift */; };
		F0BC873022D4BA4F00076B6A /* CategoriesCell.swift in Sources */ = {isa = PBXBuildFile; fileRef = F0BC872E22D4BA4F00076B6A /* CategoriesCell.swift */; };
		F0BC873122D4BA4F00076B6A /* CategoriesCell.xib in Resources */ = {isa = PBXBuildFile; fileRef = F0BC872F22D4BA4F00076B6A /* CategoriesCell.xib */; };
		F0BC873322D4BA7700076B6A /* CategoriesController.swift in Sources */ = {isa = PBXBuildFile; fileRef = F0BC873222D4BA7700076B6A /* CategoriesController.swift */; };
		F0BC873522D4C1C600076B6A /* AppServices++.swift in Sources */ = {isa = PBXBuildFile; fileRef = F0BC873422D4C1C600076B6A /* AppServices++.swift */; };
		F0BC873822D4D46900076B6A /* ProductsController.swift in Sources */ = {isa = PBXBuildFile; fileRef = F0BC873722D4D46900076B6A /* ProductsController.swift */; };
		F0BC873B22D4D48000076B6A /* ProductsCell.swift in Sources */ = {isa = PBXBuildFile; fileRef = F0BC873922D4D48000076B6A /* ProductsCell.swift */; };
		F0BC873C22D4D48000076B6A /* ProductsCell.xib in Resources */ = {isa = PBXBuildFile; fileRef = F0BC873A22D4D48000076B6A /* ProductsCell.xib */; };
		F0BC873E22D4D5FC00076B6A /* Product.swift in Sources */ = {isa = PBXBuildFile; fileRef = F0BC873D22D4D5FC00076B6A /* Product.swift */; };
		F0BC874022D4F13100076B6A /* ProductDetailsController.swift in Sources */ = {isa = PBXBuildFile; fileRef = F0BC873F22D4F13100076B6A /* ProductDetailsController.swift */; };
		F0BC874322D508DB00076B6A /* CategoriesController++.swift in Sources */ = {isa = PBXBuildFile; fileRef = F0BC874222D508DB00076B6A /* CategoriesController++.swift */; };
		F0BC874522D5090300076B6A /* ProductsController++.swift in Sources */ = {isa = PBXBuildFile; fileRef = F0BC874422D5090300076B6A /* ProductsController++.swift */; };
		F0C351DF22D6803500D39372 /* LeftMenuHeader.swift in Sources */ = {isa = PBXBuildFile; fileRef = F0C351DE22D6803500D39372 /* LeftMenuHeader.swift */; };
		F0C7B04F22DCB40600366CC4 /* KitchenController.swift in Sources */ = {isa = PBXBuildFile; fileRef = F0C7B04E22DCB40600366CC4 /* KitchenController.swift */; };
		F0CE691622D0EDA80042D94E /* LanguageController.swift in Sources */ = {isa = PBXBuildFile; fileRef = F0CE691522D0EDA80042D94E /* LanguageController.swift */; };
		F0CE691922D0F2CA0042D94E /* Localizable.strings in Resources */ = {isa = PBXBuildFile; fileRef = F0CE691B22D0F2CA0042D94E /* Localizable.strings */; };
		F0CE691E22D21FFA0042D94E /* HomeCategories.swift in Sources */ = {isa = PBXBuildFile; fileRef = F0CE691D22D21FFA0042D94E /* HomeCategories.swift */; };
		F0CE692022D220460042D94E /* AppServices.swift in Sources */ = {isa = PBXBuildFile; fileRef = F0CE691F22D220450042D94E /* AppServices.swift */; };
		F0CE692222D225680042D94E /* HomeController.swift in Sources */ = {isa = PBXBuildFile; fileRef = F0CE692122D225680042D94E /* HomeController.swift */; };
		F0CE692422D24A450042D94E /* LeftMenuController.swift in Sources */ = {isa = PBXBuildFile; fileRef = F0CE692322D24A450042D94E /* LeftMenuController.swift */; };
		F0CE692622D24A860042D94E /* LeftMenuCell.swift in Sources */ = {isa = PBXBuildFile; fileRef = F0CE692522D24A850042D94E /* LeftMenuCell.swift */; };
		F0CE692A22D26C430042D94E /* SliderCell.swift in Sources */ = {isa = PBXBuildFile; fileRef = F0CE692922D26C430042D94E /* SliderCell.swift */; };
		F0CE692C22D26C530042D94E /* CatalogCell.swift in Sources */ = {isa = PBXBuildFile; fileRef = F0CE692B22D26C530042D94E /* CatalogCell.swift */; };
		F0CE692E22D359B90042D94E /* SideMenu.storyboard in Resources */ = {isa = PBXBuildFile; fileRef = F0CE692D22D359B90042D94E /* SideMenu.storyboard */; };
		F0CE693122D35EB90042D94E /* ContactUsCell.swift in Sources */ = {isa = PBXBuildFile; fileRef = F0CE693022D35EB90042D94E /* ContactUsCell.swift */; };
		F0CE693322D35ED20042D94E /* ContactUsController.swift in Sources */ = {isa = PBXBuildFile; fileRef = F0CE693222D35ED20042D94E /* ContactUsController.swift */; };
		F0CE693522D36BE60042D94E /* ContactUsController++.swift in Sources */ = {isa = PBXBuildFile; fileRef = F0CE693422D36BE60042D94E /* ContactUsController++.swift */; };
		F0CE693722D373110042D94E /* Contact.swift in Sources */ = {isa = PBXBuildFile; fileRef = F0CE693622D373110042D94E /* Contact.swift */; };
		F0CE693922D373340042D94E /* CustomPointAnnotation.swift in Sources */ = {isa = PBXBuildFile; fileRef = F0CE693822D373340042D94E /* CustomPointAnnotation.swift */; };
		F0CE693C22D374050042D94E /* AboutController.swift in Sources */ = {isa = PBXBuildFile; fileRef = F0CE693B22D374050042D94E /* AboutController.swift */; };
		F0CE693F22D385500042D94E /* SocialController.swift in Sources */ = {isa = PBXBuildFile; fileRef = F0CE693E22D385500042D94E /* SocialController.swift */; };
		F0CE694122D38BAA0042D94E /* SocialCell.swift in Sources */ = {isa = PBXBuildFile; fileRef = F0CE694022D38BAA0042D94E /* SocialCell.swift */; };
		F0CE694422D397510042D94E /* StoresController.swift in Sources */ = {isa = PBXBuildFile; fileRef = F0CE694322D397510042D94E /* StoresController.swift */; };
		F0CE694622D3987B0042D94E /* Store.swift in Sources */ = {isa = PBXBuildFile; fileRef = F0CE694522D3987B0042D94E /* Store.swift */; };
		F0CE694822D3CB690042D94E /* StoresController++.swift in Sources */ = {isa = PBXBuildFile; fileRef = F0CE694722D3CB690042D94E /* StoresController++.swift */; };
		F0CE694A22D40C5C0042D94E /* HomeController++.swift in Sources */ = {isa = PBXBuildFile; fileRef = F0CE694922D40C5C0042D94E /* HomeController++.swift */; };
		F0D9FF4E22D9714C00B9246D /* CalculateController.swift in Sources */ = {isa = PBXBuildFile; fileRef = F0D9FF4D22D9714C00B9246D /* CalculateController.swift */; };
		F0D9FF5022D97BB100B9246D /* BathroomController.swift in Sources */ = {isa = PBXBuildFile; fileRef = F0D9FF4F22D97BB100B9246D /* BathroomController.swift */; };
		F0D9FF5322D97C0100B9246D /* CalculateCell.swift in Sources */ = {isa = PBXBuildFile; fileRef = F0D9FF5122D97C0100B9246D /* CalculateCell.swift */; };
		F0D9FF5422D97C0100B9246D /* CalculateCell.xib in Resources */ = {isa = PBXBuildFile; fileRef = F0D9FF5222D97C0100B9246D /* CalculateCell.xib */; };
		F0D9FF5622DA389400B9246D /* Calculate.swift in Sources */ = {isa = PBXBuildFile; fileRef = F0D9FF5522DA389400B9246D /* Calculate.swift */; };
		F0D9FF5B22DA462600B9246D /* BillController.swift in Sources */ = {isa = PBXBuildFile; fileRef = F0D9FF5A22DA462600B9246D /* BillController.swift */; };
		F0DA4C4422D0E469001C5FA0 /* LoginBoard.storyboard in Resources */ = {isa = PBXBuildFile; fileRef = F0DA4C4622D0E469001C5FA0 /* LoginBoard.storyboard */; };
/* End PBXBuildFile section */

/* Begin PBXFileReference section */
		4DF6B3BA010C8B7ABC3DCB76 /* Pods-EGIC.release.xcconfig */ = {isa = PBXFileReference; includeInIndex = 1; lastKnownFileType = text.xcconfig; name = "Pods-EGIC.release.xcconfig"; path = "Target Support Files/Pods-EGIC/Pods-EGIC.release.xcconfig"; sourceTree = "<group>"; };
		B38395999298B91A549E5F5D /* Pods_EGIC.framework */ = {isa = PBXFileReference; explicitFileType = wrapper.framework; includeInIndex = 0; path = Pods_EGIC.framework; sourceTree = BUILT_PRODUCTS_DIR; };
		EAE405B41A53D09E8F6FB046 /* Pods-EGIC.debug.xcconfig */ = {isa = PBXFileReference; includeInIndex = 1; lastKnownFileType = text.xcconfig; name = "Pods-EGIC.debug.xcconfig"; path = "Target Support Files/Pods-EGIC/Pods-EGIC.debug.xcconfig"; sourceTree = "<group>"; };
		F060106C22CF6D9E008BDCF4 /* EGIC.app */ = {isa = PBXFileReference; explicitFileType = wrapper.application; includeInIndex = 0; path = EGIC.app; sourceTree = BUILT_PRODUCTS_DIR; };
		F060106F22CF6D9E008BDCF4 /* AppDelegate.swift */ = {isa = PBXFileReference; lastKnownFileType = sourcecode.swift; path = AppDelegate.swift; sourceTree = "<group>"; };
		F060107122CF6D9E008BDCF4 /* SplashScreenController.swift */ = {isa = PBXFileReference; lastKnownFileType = sourcecode.swift; path = SplashScreenController.swift; sourceTree = "<group>"; };
		F060107422CF6D9E008BDCF4 /* Base */ = {isa = PBXFileReference; lastKnownFileType = file.storyboard; name = Base; path = Base.lproj/Main.storyboard; sourceTree = "<group>"; };
		F060107622CF6DA0008BDCF4 /* Assets.xcassets */ = {isa = PBXFileReference; lastKnownFileType = folder.assetcatalog; path = Assets.xcassets; sourceTree = "<group>"; };
		F060107922CF6DA0008BDCF4 /* Base */ = {isa = PBXFileReference; lastKnownFileType = file.storyboard; name = Base; path = Base.lproj/LaunchScreen.storyboard; sourceTree = "<group>"; };
		F060107B22CF6DA0008BDCF4 /* Info.plist */ = {isa = PBXFileReference; lastKnownFileType = text.plist.xml; path = Info.plist; sourceTree = "<group>"; };
		F060108822CF73A5008BDCF4 /* ApiManager.swift */ = {isa = PBXFileReference; lastKnownFileType = sourcecode.swift; path = ApiManager.swift; sourceTree = "<group>"; };
		F060108A22CF7450008BDCF4 /* ClientServices.swift */ = {isa = PBXFileReference; lastKnownFileType = sourcecode.swift; path = ClientServices.swift; sourceTree = "<group>"; };
		F060108C22CF7485008BDCF4 /* Client.swift */ = {isa = PBXFileReference; lastKnownFileType = sourcecode.swift; path = Client.swift; sourceTree = "<group>"; };
		F060108E22CF766A008BDCF4 /* HelperData.swift */ = {isa = PBXFileReference; lastKnownFileType = sourcecode.swift; path = HelperData.swift; sourceTree = "<group>"; };
		F060109022CF7759008BDCF4 /* Extentions.swift */ = {isa = PBXFileReference; lastKnownFileType = sourcecode.swift; path = Extentions.swift; sourceTree = "<group>"; };
		F060109222CF781B008BDCF4 /* Categories.swift */ = {isa = PBXFileReference; lastKnownFileType = sourcecode.swift; path = Categories.swift; sourceTree = "<group>"; };
		F060109722CFBFA9008BDCF4 /* SignInController.swift */ = {isa = PBXFileReference; lastKnownFileType = sourcecode.swift; path = SignInController.swift; sourceTree = "<group>"; };
		F060109922CFC283008BDCF4 /* SignUpController.swift */ = {isa = PBXFileReference; lastKnownFileType = sourcecode.swift; path = SignUpController.swift; sourceTree = "<group>"; };
		F060109B22CFCBF8008BDCF4 /* TermsOfServiceController.swift */ = {isa = PBXFileReference; lastKnownFileType = sourcecode.swift; path = TermsOfServiceController.swift; sourceTree = "<group>"; };
		F07707B422D7709B00212D78 /* Base */ = {isa = PBXFileReference; lastKnownFileType = file.storyboard; name = Base; path = Base.lproj/Alerts.storyboard; sourceTree = "<group>"; };
		F079142A22DCA4A400CC1700 /* CalculateResultCell.swift */ = {isa = PBXFileReference; lastKnownFileType = sourcecode.swift; path = CalculateResultCell.swift; sourceTree = "<group>"; };
		F079142B22DCA4A400CC1700 /* CalculateResultCell.xib */ = {isa = PBXFileReference; lastKnownFileType = file.xib; path = CalculateResultCell.xib; sourceTree = "<group>"; };
		F079142E22DCA52C00CC1700 /* CalculateItemCell.swift */ = {isa = PBXFileReference; lastKnownFileType = sourcecode.swift; path = CalculateItemCell.swift; sourceTree = "<group>"; };
		F079142F22DCA52C00CC1700 /* CalculateItemCell.xib */ = {isa = PBXFileReference; lastKnownFileType = file.xib; path = CalculateItemCell.xib; sourceTree = "<group>"; };
		F0981DF522D76428004D0878 /* OneButtonAlertController.swift */ = {isa = PBXFileReference; lastKnownFileType = sourcecode.swift; path = OneButtonAlertController.swift; sourceTree = "<group>"; };
		F0981DF722D76451004D0878 /* TwoButtonAlertController.swift */ = {isa = PBXFileReference; lastKnownFileType = sourcecode.swift; path = TwoButtonAlertController.swift; sourceTree = "<group>"; };
		F0981DF922D76491004D0878 /* ChangeLanguageAlert.swift */ = {isa = PBXFileReference; lastKnownFileType = sourcecode.swift; path = ChangeLanguageAlert.swift; sourceTree = "<group>"; };
		F0BC872E22D4BA4F00076B6A /* CategoriesCell.swift */ = {isa = PBXFileReference; lastKnownFileType = sourcecode.swift; path = CategoriesCell.swift; sourceTree = "<group>"; };
		F0BC872F22D4BA4F00076B6A /* CategoriesCell.xib */ = {isa = PBXFileReference; lastKnownFileType = file.xib; path = CategoriesCell.xib; sourceTree = "<group>"; };
		F0BC873222D4BA7700076B6A /* CategoriesController.swift */ = {isa = PBXFileReference; lastKnownFileType = sourcecode.swift; path = CategoriesController.swift; sourceTree = "<group>"; };
		F0BC873422D4C1C600076B6A /* AppServices++.swift */ = {isa = PBXFileReference; lastKnownFileType = sourcecode.swift; path = "AppServices++.swift"; sourceTree = "<group>"; };
		F0BC873722D4D46900076B6A /* ProductsController.swift */ = {isa = PBXFileReference; lastKnownFileType = sourcecode.swift; path = ProductsController.swift; sourceTree = "<group>"; };
		F0BC873922D4D48000076B6A /* ProductsCell.swift */ = {isa = PBXFileReference; lastKnownFileType = sourcecode.swift; path = ProductsCell.swift; sourceTree = "<group>"; };
		F0BC873A22D4D48000076B6A /* ProductsCell.xib */ = {isa = PBXFileReference; lastKnownFileType = file.xib; path = ProductsCell.xib; sourceTree = "<group>"; };
		F0BC873D22D4D5FC00076B6A /* Product.swift */ = {isa = PBXFileReference; lastKnownFileType = sourcecode.swift; path = Product.swift; sourceTree = "<group>"; };
		F0BC873F22D4F13100076B6A /* ProductDetailsController.swift */ = {isa = PBXFileReference; lastKnownFileType = sourcecode.swift; path = ProductDetailsController.swift; sourceTree = "<group>"; };
		F0BC874222D508DB00076B6A /* CategoriesController++.swift */ = {isa = PBXFileReference; lastKnownFileType = sourcecode.swift; path = "CategoriesController++.swift"; sourceTree = "<group>"; };
		F0BC874422D5090300076B6A /* ProductsController++.swift */ = {isa = PBXFileReference; lastKnownFileType = sourcecode.swift; path = "ProductsController++.swift"; sourceTree = "<group>"; };
		F0C351DE22D6803500D39372 /* LeftMenuHeader.swift */ = {isa = PBXFileReference; lastKnownFileType = sourcecode.swift; path = LeftMenuHeader.swift; sourceTree = "<group>"; };
		F0C7B04E22DCB40600366CC4 /* KitchenController.swift */ = {isa = PBXFileReference; lastKnownFileType = sourcecode.swift; path = KitchenController.swift; sourceTree = "<group>"; };
		F0CE691422D0E49F0042D94E /* ar */ = {isa = PBXFileReference; lastKnownFileType = text.plist.strings; name = ar; path = ar.lproj/LoginBoard.strings; sourceTree = "<group>"; };
		F0CE691522D0EDA80042D94E /* LanguageController.swift */ = {isa = PBXFileReference; lastKnownFileType = sourcecode.swift; path = LanguageController.swift; sourceTree = "<group>"; };
		F0CE691A22D0F2CA0042D94E /* en */ = {isa = PBXFileReference; lastKnownFileType = text.plist.strings; name = en; path = en.lproj/Localizable.strings; sourceTree = "<group>"; };
		F0CE691C22D0F2E20042D94E /* ar */ = {isa = PBXFileReference; lastKnownFileType = text.plist.strings; name = ar; path = ar.lproj/Localizable.strings; sourceTree = "<group>"; };
		F0CE691D22D21FFA0042D94E /* HomeCategories.swift */ = {isa = PBXFileReference; lastKnownFileType = sourcecode.swift; path = HomeCategories.swift; sourceTree = "<group>"; };
		F0CE691F22D220450042D94E /* AppServices.swift */ = {isa = PBXFileReference; lastKnownFileType = sourcecode.swift; path = AppServices.swift; sourceTree = "<group>"; };
		F0CE692122D225680042D94E /* HomeController.swift */ = {isa = PBXFileReference; lastKnownFileType = sourcecode.swift; path = HomeController.swift; sourceTree = "<group>"; };
		F0CE692322D24A450042D94E /* LeftMenuController.swift */ = {isa = PBXFileReference; lastKnownFileType = sourcecode.swift; path = LeftMenuController.swift; sourceTree = "<group>"; };
		F0CE692522D24A850042D94E /* LeftMenuCell.swift */ = {isa = PBXFileReference; lastKnownFileType = sourcecode.swift; path = LeftMenuCell.swift; sourceTree = "<group>"; };
		F0CE692922D26C430042D94E /* SliderCell.swift */ = {isa = PBXFileReference; lastKnownFileType = sourcecode.swift; path = SliderCell.swift; sourceTree = "<group>"; };
		F0CE692B22D26C530042D94E /* CatalogCell.swift */ = {isa = PBXFileReference; lastKnownFileType = sourcecode.swift; path = CatalogCell.swift; sourceTree = "<group>"; };
		F0CE692D22D359B90042D94E /* SideMenu.storyboard */ = {isa = PBXFileReference; lastKnownFileType = file.storyboard; path = SideMenu.storyboard; sourceTree = "<group>"; };
		F0CE693022D35EB90042D94E /* ContactUsCell.swift */ = {isa = PBXFileReference; lastKnownFileType = sourcecode.swift; path = ContactUsCell.swift; sourceTree = "<group>"; };
		F0CE693222D35ED20042D94E /* ContactUsController.swift */ = {isa = PBXFileReference; lastKnownFileType = sourcecode.swift; path = ContactUsController.swift; sourceTree = "<group>"; };
		F0CE693422D36BE60042D94E /* ContactUsController++.swift */ = {isa = PBXFileReference; lastKnownFileType = sourcecode.swift; path = "ContactUsController++.swift"; sourceTree = "<group>"; };
		F0CE693622D373110042D94E /* Contact.swift */ = {isa = PBXFileReference; lastKnownFileType = sourcecode.swift; path = Contact.swift; sourceTree = "<group>"; };
		F0CE693822D373340042D94E /* CustomPointAnnotation.swift */ = {isa = PBXFileReference; lastKnownFileType = sourcecode.swift; path = CustomPointAnnotation.swift; sourceTree = "<group>"; };
		F0CE693B22D374050042D94E /* AboutController.swift */ = {isa = PBXFileReference; lastKnownFileType = sourcecode.swift; path = AboutController.swift; sourceTree = "<group>"; };
		F0CE693E22D385500042D94E /* SocialController.swift */ = {isa = PBXFileReference; lastKnownFileType = sourcecode.swift; path = SocialController.swift; sourceTree = "<group>"; };
		F0CE694022D38BAA0042D94E /* SocialCell.swift */ = {isa = PBXFileReference; lastKnownFileType = sourcecode.swift; path = SocialCell.swift; sourceTree = "<group>"; };
		F0CE694322D397510042D94E /* StoresController.swift */ = {isa = PBXFileReference; lastKnownFileType = sourcecode.swift; path = StoresController.swift; sourceTree = "<group>"; };
		F0CE694522D3987B0042D94E /* Store.swift */ = {isa = PBXFileReference; lastKnownFileType = sourcecode.swift; path = Store.swift; sourceTree = "<group>"; };
		F0CE694722D3CB690042D94E /* StoresController++.swift */ = {isa = PBXFileReference; lastKnownFileType = sourcecode.swift; path = "StoresController++.swift"; sourceTree = "<group>"; };
		F0CE694922D40C5C0042D94E /* HomeController++.swift */ = {isa = PBXFileReference; lastKnownFileType = sourcecode.swift; path = "HomeController++.swift"; sourceTree = "<group>"; };
		F0D9FF4D22D9714C00B9246D /* CalculateController.swift */ = {isa = PBXFileReference; lastKnownFileType = sourcecode.swift; path = CalculateController.swift; sourceTree = "<group>"; };
		F0D9FF4F22D97BB100B9246D /* BathroomController.swift */ = {isa = PBXFileReference; lastKnownFileType = sourcecode.swift; path = BathroomController.swift; sourceTree = "<group>"; };
		F0D9FF5122D97C0100B9246D /* CalculateCell.swift */ = {isa = PBXFileReference; lastKnownFileType = sourcecode.swift; path = CalculateCell.swift; sourceTree = "<group>"; };
		F0D9FF5222D97C0100B9246D /* CalculateCell.xib */ = {isa = PBXFileReference; lastKnownFileType = file.xib; path = CalculateCell.xib; sourceTree = "<group>"; };
		F0D9FF5522DA389400B9246D /* Calculate.swift */ = {isa = PBXFileReference; lastKnownFileType = sourcecode.swift; path = Calculate.swift; sourceTree = "<group>"; };
		F0D9FF5A22DA462600B9246D /* BillController.swift */ = {isa = PBXFileReference; lastKnownFileType = sourcecode.swift; path = BillController.swift; sourceTree = "<group>"; };
		F0DA4C4222D0E437001C5FA0 /* ar */ = {isa = PBXFileReference; lastKnownFileType = text.plist.strings; name = ar; path = ar.lproj/LaunchScreen.strings; sourceTree = "<group>"; };
		F0DA4C4322D0E438001C5FA0 /* ar */ = {isa = PBXFileReference; lastKnownFileType = text.plist.strings; name = ar; path = ar.lproj/Main.strings; sourceTree = "<group>"; };
		F0DA4C4522D0E469001C5FA0 /* Base */ = {isa = PBXFileReference; lastKnownFileType = file.storyboard; name = Base; path = Base.lproj/LoginBoard.storyboard; sourceTree = "<group>"; };
/* End PBXFileReference section */

/* Begin PBXFrameworksBuildPhase section */
		F060106922CF6D9E008BDCF4 /* Frameworks */ = {
			isa = PBXFrameworksBuildPhase;
			buildActionMask = 2147483647;
			files = (
				D9025F44BA4A73714AC7FC7A /* Pods_EGIC.framework in Frameworks */,
			);
			runOnlyForDeploymentPostprocessing = 0;
		};
/* End PBXFrameworksBuildPhase section */

/* Begin PBXGroup section */
		0D0D4F89E16F2195A477A9EF /* Frameworks */ = {
			isa = PBXGroup;
			children = (
				B38395999298B91A549E5F5D /* Pods_EGIC.framework */,
			);
			name = Frameworks;
			sourceTree = "<group>";
		};
		19AF3C647077439581E3DA1D /* Pods */ = {
			isa = PBXGroup;
			children = (
				EAE405B41A53D09E8F6FB046 /* Pods-EGIC.debug.xcconfig */,
				4DF6B3BA010C8B7ABC3DCB76 /* Pods-EGIC.release.xcconfig */,
			);
			path = Pods;
			sourceTree = "<group>";
		};
		F060106322CF6D9E008BDCF4 = {
			isa = PBXGroup;
			children = (
				F060106E22CF6D9E008BDCF4 /* EGIC */,
				F060106D22CF6D9E008BDCF4 /* Products */,
				19AF3C647077439581E3DA1D /* Pods */,
				0D0D4F89E16F2195A477A9EF /* Frameworks */,
			);
			sourceTree = "<group>";
		};
		F060106D22CF6D9E008BDCF4 /* Products */ = {
			isa = PBXGroup;
			children = (
				F060106C22CF6D9E008BDCF4 /* EGIC.app */,
			);
			name = Products;
			sourceTree = "<group>";
		};
		F060106E22CF6D9E008BDCF4 /* EGIC */ = {
			isa = PBXGroup;
			children = (
				F060108522CF7356008BDCF4 /* Storyboard */,
				F060108622CF7364008BDCF4 /* Helpers */,
				F060108422CF734C008BDCF4 /* Model */,
				F060108222CF7326008BDCF4 /* Controller */,
				F060108122CF731E008BDCF4 /* Assets */,
				F060107B22CF6DA0008BDCF4 /* Info.plist */,
				F0CE691B22D0F2CA0042D94E /* Localizable.strings */,
			);
			path = EGIC;
			sourceTree = "<group>";
		};
		F060108122CF731E008BDCF4 /* Assets */ = {
			isa = PBXGroup;
			children = (
				F060107622CF6DA0008BDCF4 /* Assets.xcassets */,
			);
			path = Assets;
			sourceTree = "<group>";
		};
		F060108222CF7326008BDCF4 /* Controller */ = {
			isa = PBXGroup;
			children = (
				F060106F22CF6D9E008BDCF4 /* AppDelegate.swift */,
				F0D9FF4C22D9713100B9246D /* Calculate & Estimate */,
				F0BC874122D508A500076B6A /* ProductDetails */,
				F0BC872D22D4B9D900076B6A /* Categories */,
				F0BC873622D4D44A00076B6A /* Products */,
				F0CE692722D269660042D94E /* Home */,
				F0CE692822D269800042D94E /* SideMenu */,
				F0CE694222D3970E0042D94E /* Stores */,
				F0CE693D22D3852A0042D94E /* Social Wall */,
				F0CE693A22D3735F0042D94E /* Contact Us */,
				F0CE692F22D35E8F0042D94E /* About Us */,
				F060109622CFBF8A008BDCF4 /* StartUp */,
				F0981DF422D76410004D0878 /* Alerts */,
			);
			path = Controller;
			sourceTree = "<group>";
		};
		F060108422CF734C008BDCF4 /* Model */ = {
			isa = PBXGroup;
			children = (
				F0D9FF5522DA389400B9246D /* Calculate.swift */,
				F060109222CF781B008BDCF4 /* Categories.swift */,
				F0BC873D22D4D5FC00076B6A /* Product.swift */,
				F0CE691D22D21FFA0042D94E /* HomeCategories.swift */,
				F060108C22CF7485008BDCF4 /* Client.swift */,
			);
			path = Model;
			sourceTree = "<group>";
		};
		F060108522CF7356008BDCF4 /* Storyboard */ = {
			isa = PBXGroup;
			children = (
				F0CE692D22D359B90042D94E /* SideMenu.storyboard */,
				F060107322CF6D9E008BDCF4 /* Main.storyboard */,
				F0DA4C4622D0E469001C5FA0 /* LoginBoard.storyboard */,
				F060107822CF6DA0008BDCF4 /* LaunchScreen.storyboard */,
				F07707B522D7709B00212D78 /* Alerts.storyboard */,
			);
			path = Storyboard;
			sourceTree = "<group>";
		};
		F060108622CF7364008BDCF4 /* Helpers */ = {
			isa = PBXGroup;
			children = (
				F060108722CF7383008BDCF4 /* Services */,
				F060108E22CF766A008BDCF4 /* HelperData.swift */,
				F060109022CF7759008BDCF4 /* Extentions.swift */,
			);
			path = Helpers;
			sourceTree = "<group>";
		};
		F060108722CF7383008BDCF4 /* Services */ = {
			isa = PBXGroup;
			children = (
				F060108822CF73A5008BDCF4 /* ApiManager.swift */,
				F060108A22CF7450008BDCF4 /* ClientServices.swift */,
				F0CE691F22D220450042D94E /* AppServices.swift */,
				F0BC873422D4C1C600076B6A /* AppServices++.swift */,
			);
			path = Services;
			sourceTree = "<group>";
		};
		F060109622CFBF8A008BDCF4 /* StartUp */ = {
			isa = PBXGroup;
			children = (
				F060107122CF6D9E008BDCF4 /* SplashScreenController.swift */,
				F0CE691522D0EDA80042D94E /* LanguageController.swift */,
				F060109722CFBFA9008BDCF4 /* SignInController.swift */,
				F060109922CFC283008BDCF4 /* SignUpController.swift */,
				F060109B22CFCBF8008BDCF4 /* TermsOfServiceController.swift */,
			);
			path = StartUp;
			sourceTree = "<group>";
		};
		F0981DF422D76410004D0878 /* Alerts */ = {
			isa = PBXGroup;
			children = (
				F0981DF522D76428004D0878 /* OneButtonAlertController.swift */,
				F0981DF722D76451004D0878 /* TwoButtonAlertController.swift */,
				F0981DF922D76491004D0878 /* ChangeLanguageAlert.swift */,
			);
			path = Alerts;
			sourceTree = "<group>";
		};
		F0BC872D22D4B9D900076B6A /* Categories */ = {
			isa = PBXGroup;
			children = (
				F0BC873222D4BA7700076B6A /* CategoriesController.swift */,
				F0BC874222D508DB00076B6A /* CategoriesController++.swift */,
				F0BC872E22D4BA4F00076B6A /* CategoriesCell.swift */,
				F0BC872F22D4BA4F00076B6A /* CategoriesCell.xib */,
			);
			path = Categories;
			sourceTree = "<group>";
		};
		F0BC873622D4D44A00076B6A /* Products */ = {
			isa = PBXGroup;
			children = (
				F0BC873722D4D46900076B6A /* ProductsController.swift */,
				F0BC874422D5090300076B6A /* ProductsController++.swift */,
				F0BC873922D4D48000076B6A /* ProductsCell.swift */,
				F0BC873A22D4D48000076B6A /* ProductsCell.xib */,
			);
			path = Products;
			sourceTree = "<group>";
		};
		F0BC874122D508A500076B6A /* ProductDetails */ = {
			isa = PBXGroup;
			children = (
				F0BC873F22D4F13100076B6A /* ProductDetailsController.swift */,
			);
			path = ProductDetails;
			sourceTree = "<group>";
		};
		F0CE692722D269660042D94E /* Home */ = {
			isa = PBXGroup;
			children = (
				F0CE692122D225680042D94E /* HomeController.swift */,
				F0CE694922D40C5C0042D94E /* HomeController++.swift */,
				F0CE692B22D26C530042D94E /* CatalogCell.swift */,
				F0CE692922D26C430042D94E /* SliderCell.swift */,
			);
			path = Home;
			sourceTree = "<group>";
		};
		F0CE692822D269800042D94E /* SideMenu */ = {
			isa = PBXGroup;
			children = (
				F0CE692322D24A450042D94E /* LeftMenuController.swift */,
				F0C351DE22D6803500D39372 /* LeftMenuHeader.swift */,
				F0CE692522D24A850042D94E /* LeftMenuCell.swift */,
			);
			path = SideMenu;
			sourceTree = "<group>";
		};
		F0CE692F22D35E8F0042D94E /* About Us */ = {
			isa = PBXGroup;
			children = (
				F0CE693B22D374050042D94E /* AboutController.swift */,
			);
			path = "About Us";
			sourceTree = "<group>";
		};
		F0CE693A22D3735F0042D94E /* Contact Us */ = {
			isa = PBXGroup;
			children = (
				F0CE693222D35ED20042D94E /* ContactUsController.swift */,
				F0CE693422D36BE60042D94E /* ContactUsController++.swift */,
				F0CE693822D373340042D94E /* CustomPointAnnotation.swift */,
				F0CE693022D35EB90042D94E /* ContactUsCell.swift */,
				F0CE693622D373110042D94E /* Contact.swift */,
			);
			path = "Contact Us";
			sourceTree = "<group>";
		};
		F0CE693D22D3852A0042D94E /* Social Wall */ = {
			isa = PBXGroup;
			children = (
				F0CE693E22D385500042D94E /* SocialController.swift */,
				F0CE694022D38BAA0042D94E /* SocialCell.swift */,
			);
			path = "Social Wall";
			sourceTree = "<group>";
		};
		F0CE694222D3970E0042D94E /* Stores */ = {
			isa = PBXGroup;
			children = (
				F0CE694322D397510042D94E /* StoresController.swift */,
				F0CE694722D3CB690042D94E /* StoresController++.swift */,
				F0CE694522D3987B0042D94E /* Store.swift */,
			);
			path = Stores;
			sourceTree = "<group>";
		};
		F0D9FF4C22D9713100B9246D /* Calculate & Estimate */ = {
			isa = PBXGroup;
			children = (
				F0D9FF4D22D9714C00B9246D /* CalculateController.swift */,
				F0D9FF4F22D97BB100B9246D /* BathroomController.swift */,
				F0C7B04E22DCB40600366CC4 /* KitchenController.swift */,
				F0D9FF5122D97C0100B9246D /* CalculateCell.swift */,
				F0D9FF5222D97C0100B9246D /* CalculateCell.xib */,
				F0D9FF5722DA45E100B9246D /* Bill Quantity */,
			);
			path = "Calculate & Estimate";
			sourceTree = "<group>";
		};
		F0D9FF5722DA45E100B9246D /* Bill Quantity */ = {
			isa = PBXGroup;
			children = (
				F0D9FF5A22DA462600B9246D /* BillController.swift */,
				F079142A22DCA4A400CC1700 /* CalculateResultCell.swift */,
				F079142B22DCA4A400CC1700 /* CalculateResultCell.xib */,
				F079142E22DCA52C00CC1700 /* CalculateItemCell.swift */,
				F079142F22DCA52C00CC1700 /* CalculateItemCell.xib */,
			);
			path = "Bill Quantity";
			sourceTree = "<group>";
		};
/* End PBXGroup section */

/* Begin PBXNativeTarget section */
		F060106B22CF6D9E008BDCF4 /* EGIC */ = {
			isa = PBXNativeTarget;
			buildConfigurationList = F060107E22CF6DA0008BDCF4 /* Build configuration list for PBXNativeTarget "EGIC" */;
			buildPhases = (
				75A5FAFFF7E54D27C8C26A88 /* [CP] Check Pods Manifest.lock */,
				F060106822CF6D9E008BDCF4 /* Sources */,
				F060106922CF6D9E008BDCF4 /* Frameworks */,
				F060106A22CF6D9E008BDCF4 /* Resources */,
				B55BC59643EE71D55B03DA5A /* [CP] Embed Pods Frameworks */,
			);
			buildRules = (
			);
			dependencies = (
			);
			name = EGIC;
			productName = EGIC;
			productReference = F060106C22CF6D9E008BDCF4 /* EGIC.app */;
			productType = "com.apple.product-type.application";
		};
/* End PBXNativeTarget section */

/* Begin PBXProject section */
		F060106422CF6D9E008BDCF4 /* Project object */ = {
			isa = PBXProject;
			attributes = {
				LastSwiftUpdateCheck = 1010;
				LastUpgradeCheck = 1010;
				ORGANIZATIONNAME = "Ramy Ayman Sabry";
				TargetAttributes = {
					F060106B22CF6D9E008BDCF4 = {
						CreatedOnToolsVersion = 10.1;
					};
				};
			};
			buildConfigurationList = F060106722CF6D9E008BDCF4 /* Build configuration list for PBXProject "EGIC" */;
			compatibilityVersion = "Xcode 9.3";
			developmentRegion = en;
			hasScannedForEncodings = 0;
			knownRegions = (
				en,
				Base,
				ar,
			);
			mainGroup = F060106322CF6D9E008BDCF4;
			productRefGroup = F060106D22CF6D9E008BDCF4 /* Products */;
			projectDirPath = "";
			projectRoot = "";
			targets = (
				F060106B22CF6D9E008BDCF4 /* EGIC */,
			);
		};
/* End PBXProject section */

/* Begin PBXResourcesBuildPhase section */
		F060106A22CF6D9E008BDCF4 /* Resources */ = {
			isa = PBXResourcesBuildPhase;
			buildActionMask = 2147483647;
			files = (
				F0BC873122D4BA4F00076B6A /* CategoriesCell.xib in Resources */,
				F0CE692E22D359B90042D94E /* SideMenu.storyboard in Resources */,
				F0CE691922D0F2CA0042D94E /* Localizable.strings in Resources */,
				F060107A22CF6DA0008BDCF4 /* LaunchScreen.storyboard in Resources */,
				F0DA4C4422D0E469001C5FA0 /* LoginBoard.storyboard in Resources */,
				F0BC873C22D4D48000076B6A /* ProductsCell.xib in Resources */,
				F060107722CF6DA0008BDCF4 /* Assets.xcassets in Resources */,
				F079142D22DCA4A400CC1700 /* CalculateResultCell.xib in Resources */,
				F060107522CF6D9E008BDCF4 /* Main.storyboard in Resources */,
				F0D9FF5422D97C0100B9246D /* CalculateCell.xib in Resources */,
				F07707B322D7709B00212D78 /* Alerts.storyboard in Resources */,
				F079143122DCA52C00CC1700 /* CalculateItemCell.xib in Resources */,
			);
			runOnlyForDeploymentPostprocessing = 0;
		};
/* End PBXResourcesBuildPhase section */

/* Begin PBXShellScriptBuildPhase section */
		75A5FAFFF7E54D27C8C26A88 /* [CP] Check Pods Manifest.lock */ = {
			isa = PBXShellScriptBuildPhase;
			buildActionMask = 2147483647;
			files = (
			);
			inputFileListPaths = (
			);
			inputPaths = (
				"${PODS_PODFILE_DIR_PATH}/Podfile.lock",
				"${PODS_ROOT}/Manifest.lock",
			);
			name = "[CP] Check Pods Manifest.lock";
			outputFileListPaths = (
			);
			outputPaths = (
				"$(DERIVED_FILE_DIR)/Pods-EGIC-checkManifestLockResult.txt",
			);
			runOnlyForDeploymentPostprocessing = 0;
			shellPath = /bin/sh;
			shellScript = "diff \"${PODS_PODFILE_DIR_PATH}/Podfile.lock\" \"${PODS_ROOT}/Manifest.lock\" > /dev/null\nif [ $? != 0 ] ; then\n    # print error to STDERR\n    echo \"error: The sandbox is not in sync with the Podfile.lock. Run 'pod install' or update your CocoaPods installation.\" >&2\n    exit 1\nfi\n# This output is used by Xcode 'outputs' to avoid re-running this script phase.\necho \"SUCCESS\" > \"${SCRIPT_OUTPUT_FILE_0}\"\n";
			showEnvVarsInLog = 0;
		};
		B55BC59643EE71D55B03DA5A /* [CP] Embed Pods Frameworks */ = {
			isa = PBXShellScriptBuildPhase;
			buildActionMask = 2147483647;
			files = (
			);
			inputFileListPaths = (
			);
			inputPaths = (
				"${PODS_ROOT}/Target Support Files/Pods-EGIC/Pods-EGIC-frameworks.sh",
				"${BUILT_PRODUCTS_DIR}/Alamofire/Alamofire.framework",
				"${BUILT_PRODUCTS_DIR}/IQKeyboardManagerSwift/IQKeyboardManagerSwift.framework",
				"${BUILT_PRODUCTS_DIR}/Kingfisher/Kingfisher.framework",
				"${BUILT_PRODUCTS_DIR}/MOLH/MOLH.framework",
				"${BUILT_PRODUCTS_DIR}/SVProgressHUD/SVProgressHUD.framework",
				"${BUILT_PRODUCTS_DIR}/SideMenu/SideMenu.framework",
			);
			name = "[CP] Embed Pods Frameworks";
			outputFileListPaths = (
			);
			outputPaths = (
				"${TARGET_BUILD_DIR}/${FRAMEWORKS_FOLDER_PATH}/Alamofire.framework",
				"${TARGET_BUILD_DIR}/${FRAMEWORKS_FOLDER_PATH}/IQKeyboardManagerSwift.framework",
				"${TARGET_BUILD_DIR}/${FRAMEWORKS_FOLDER_PATH}/Kingfisher.framework",
				"${TARGET_BUILD_DIR}/${FRAMEWORKS_FOLDER_PATH}/MOLH.framework",
				"${TARGET_BUILD_DIR}/${FRAMEWORKS_FOLDER_PATH}/SVProgressHUD.framework",
				"${TARGET_BUILD_DIR}/${FRAMEWORKS_FOLDER_PATH}/SideMenu.framework",
			);
			runOnlyForDeploymentPostprocessing = 0;
			shellPath = /bin/sh;
			shellScript = "\"${PODS_ROOT}/Target Support Files/Pods-EGIC/Pods-EGIC-frameworks.sh\"\n";
			showEnvVarsInLog = 0;
		};
/* End PBXShellScriptBuildPhase section */

/* Begin PBXSourcesBuildPhase section */
		F060106822CF6D9E008BDCF4 /* Sources */ = {
			isa = PBXSourcesBuildPhase;
			buildActionMask = 2147483647;
			files = (
				F0BC873322D4BA7700076B6A /* CategoriesController.swift in Sources */,
				F0CE691E22D21FFA0042D94E /* HomeCategories.swift in Sources */,
				F0CE694422D397510042D94E /* StoresController.swift in Sources */,
				F0CE693C22D374050042D94E /* AboutController.swift in Sources */,
				F060107222CF6D9E008BDCF4 /* SplashScreenController.swift in Sources */,
				F0BC873B22D4D48000076B6A /* ProductsCell.swift in Sources */,
				F0CE692622D24A860042D94E /* LeftMenuCell.swift in Sources */,
				F060108922CF73A5008BDCF4 /* ApiManager.swift in Sources */,
				F0CE693722D373110042D94E /* Contact.swift in Sources */,
				F0CE694122D38BAA0042D94E /* SocialCell.swift in Sources */,
				F0BC873522D4C1C600076B6A /* AppServices++.swift in Sources */,
				F0CE693322D35ED20042D94E /* ContactUsController.swift in Sources */,
				F0D9FF4E22D9714C00B9246D /* CalculateController.swift in Sources */,
				F0CE692A22D26C430042D94E /* SliderCell.swift in Sources */,
				F060108B22CF7450008BDCF4 /* ClientServices.swift in Sources */,
				F060109822CFBFA9008BDCF4 /* SignInController.swift in Sources */,
				F060109C22CFCBF8008BDCF4 /* TermsOfServiceController.swift in Sources */,
				F0BC873822D4D46900076B6A /* ProductsController.swift in Sources */,
				F0BC874322D508DB00076B6A /* CategoriesController++.swift in Sources */,
				F060108D22CF7485008BDCF4 /* Client.swift in Sources */,
				F0BC874522D5090300076B6A /* ProductsController++.swift in Sources */,
				F0CE692422D24A450042D94E /* LeftMenuController.swift in Sources */,
				F060109A22CFC283008BDCF4 /* SignUpController.swift in Sources */,
				F060107022CF6D9E008BDCF4 /* AppDelegate.swift in Sources */,
				F0D9FF5622DA389400B9246D /* Calculate.swift in Sources */,
				F0CE692022D220460042D94E /* AppServices.swift in Sources */,
				F0BC874022D4F13100076B6A /* ProductDetailsController.swift in Sources */,
				F0CE693F22D385500042D94E /* SocialController.swift in Sources */,
				F0CE694822D3CB690042D94E /* StoresController++.swift in Sources */,
				F0981DF822D76451004D0878 /* TwoButtonAlertController.swift in Sources */,
				F0CE692C22D26C530042D94E /* CatalogCell.swift in Sources */,
				F0BC873022D4BA4F00076B6A /* CategoriesCell.swift in Sources */,
				F0C7B04F22DCB40600366CC4 /* KitchenController.swift in Sources */,
				F0CE693122D35EB90042D94E /* ContactUsCell.swift in Sources */,
				F0BC873E22D4D5FC00076B6A /* Product.swift in Sources */,
				F0D9FF5322D97C0100B9246D /* CalculateCell.swift in Sources */,
				F0CE693522D36BE60042D94E /* ContactUsController++.swift in Sources */,
				F0CE694A22D40C5C0042D94E /* HomeController++.swift in Sources */,
				F060108F22CF766A008BDCF4 /* HelperData.swift in Sources */,
				F0C351DF22D6803500D39372 /* LeftMenuHeader.swift in Sources */,
				F060109122CF7759008BDCF4 /* Extentions.swift in Sources */,
				F060109322CF781B008BDCF4 /* Categories.swift in Sources */,
				F0D9FF5022D97BB100B9246D /* BathroomController.swift in Sources */,
				F079143022DCA52C00CC1700 /* CalculateItemCell.swift in Sources */,
				F0CE691622D0EDA80042D94E /* LanguageController.swift in Sources */,
				F0CE693922D373340042D94E /* CustomPointAnnotation.swift in Sources */,
				F0981DF622D76428004D0878 /* OneButtonAlertController.swift in Sources */,
				F079142C22DCA4A400CC1700 /* CalculateResultCell.swift in Sources */,
				F0D9FF5B22DA462600B9246D /* BillController.swift in Sources */,
				F0CE694622D3987B0042D94E /* Store.swift in Sources */,
				F0981DFA22D76491004D0878 /* ChangeLanguageAlert.swift in Sources */,
				F0CE692222D225680042D94E /* HomeController.swift in Sources */,
			);
			runOnlyForDeploymentPostprocessing = 0;
		};
/* End PBXSourcesBuildPhase section */

/* Begin PBXVariantGroup section */
		F060107322CF6D9E008BDCF4 /* Main.storyboard */ = {
			isa = PBXVariantGroup;
			children = (
				F060107422CF6D9E008BDCF4 /* Base */,
				F0DA4C4322D0E438001C5FA0 /* ar */,
			);
			name = Main.storyboard;
			sourceTree = "<group>";
		};
		F060107822CF6DA0008BDCF4 /* LaunchScreen.storyboard */ = {
			isa = PBXVariantGroup;
			children = (
				F060107922CF6DA0008BDCF4 /* Base */,
				F0DA4C4222D0E437001C5FA0 /* ar */,
			);
			name = LaunchScreen.storyboard;
			sourceTree = "<group>";
		};
		F07707B522D7709B00212D78 /* Alerts.storyboard */ = {
			isa = PBXVariantGroup;
			children = (
				F07707B422D7709B00212D78 /* Base */,
			);
			name = Alerts.storyboard;
			sourceTree = "<group>";
		};
		F0CE691B22D0F2CA0042D94E /* Localizable.strings */ = {
			isa = PBXVariantGroup;
			children = (
				F0CE691A22D0F2CA0042D94E /* en */,
				F0CE691C22D0F2E20042D94E /* ar */,
			);
			name = Localizable.strings;
			sourceTree = "<group>";
		};
		F0DA4C4622D0E469001C5FA0 /* LoginBoard.storyboard */ = {
			isa = PBXVariantGroup;
			children = (
				F0DA4C4522D0E469001C5FA0 /* Base */,
				F0CE691422D0E49F0042D94E /* ar */,
			);
			name = LoginBoard.storyboard;
			sourceTree = "<group>";
		};
/* End PBXVariantGroup section */

/* Begin XCBuildConfiguration section */
		F060107C22CF6DA0008BDCF4 /* Debug */ = {
			isa = XCBuildConfiguration;
			buildSettings = {
				ALWAYS_SEARCH_USER_PATHS = NO;
				CLANG_ANALYZER_LOCALIZABILITY_NONLOCALIZED = YES;
				CLANG_ANALYZER_NONNULL = YES;
				CLANG_ANALYZER_NUMBER_OBJECT_CONVERSION = YES_AGGRESSIVE;
				CLANG_CXX_LANGUAGE_STANDARD = "gnu++14";
				CLANG_CXX_LIBRARY = "libc++";
				CLANG_ENABLE_MODULES = YES;
				CLANG_ENABLE_OBJC_ARC = YES;
				CLANG_ENABLE_OBJC_WEAK = YES;
				CLANG_WARN_BLOCK_CAPTURE_AUTORELEASING = YES;
				CLANG_WARN_BOOL_CONVERSION = YES;
				CLANG_WARN_COMMA = YES;
				CLANG_WARN_CONSTANT_CONVERSION = YES;
				CLANG_WARN_DEPRECATED_OBJC_IMPLEMENTATIONS = YES;
				CLANG_WARN_DIRECT_OBJC_ISA_USAGE = YES_ERROR;
				CLANG_WARN_DOCUMENTATION_COMMENTS = YES;
				CLANG_WARN_EMPTY_BODY = YES;
				CLANG_WARN_ENUM_CONVERSION = YES;
				CLANG_WARN_INFINITE_RECURSION = YES;
				CLANG_WARN_INT_CONVERSION = YES;
				CLANG_WARN_NON_LITERAL_NULL_CONVERSION = YES;
				CLANG_WARN_OBJC_IMPLICIT_RETAIN_SELF = YES;
				CLANG_WARN_OBJC_LITERAL_CONVERSION = YES;
				CLANG_WARN_OBJC_ROOT_CLASS = YES_ERROR;
				CLANG_WARN_RANGE_LOOP_ANALYSIS = YES;
				CLANG_WARN_STRICT_PROTOTYPES = YES;
				CLANG_WARN_SUSPICIOUS_MOVE = YES;
				CLANG_WARN_UNGUARDED_AVAILABILITY = YES_AGGRESSIVE;
				CLANG_WARN_UNREACHABLE_CODE = YES;
				CLANG_WARN__DUPLICATE_METHOD_MATCH = YES;
				CODE_SIGN_IDENTITY = "iPhone Developer";
				COPY_PHASE_STRIP = NO;
				DEBUG_INFORMATION_FORMAT = dwarf;
				ENABLE_STRICT_OBJC_MSGSEND = YES;
				ENABLE_TESTABILITY = YES;
				GCC_C_LANGUAGE_STANDARD = gnu11;
				GCC_DYNAMIC_NO_PIC = NO;
				GCC_NO_COMMON_BLOCKS = YES;
				GCC_OPTIMIZATION_LEVEL = 0;
				GCC_PREPROCESSOR_DEFINITIONS = (
					"DEBUG=1",
					"$(inherited)",
				);
				GCC_WARN_64_TO_32_BIT_CONVERSION = YES;
				GCC_WARN_ABOUT_RETURN_TYPE = YES_ERROR;
				GCC_WARN_UNDECLARED_SELECTOR = YES;
				GCC_WARN_UNINITIALIZED_AUTOS = YES_AGGRESSIVE;
				GCC_WARN_UNUSED_FUNCTION = YES;
				GCC_WARN_UNUSED_VARIABLE = YES;
				IPHONEOS_DEPLOYMENT_TARGET = 12.1;
				MTL_ENABLE_DEBUG_INFO = INCLUDE_SOURCE;
				MTL_FAST_MATH = YES;
				ONLY_ACTIVE_ARCH = YES;
				SDKROOT = iphoneos;
				SWIFT_ACTIVE_COMPILATION_CONDITIONS = DEBUG;
				SWIFT_OPTIMIZATION_LEVEL = "-Onone";
			};
			name = Debug;
		};
		F060107D22CF6DA0008BDCF4 /* Release */ = {
			isa = XCBuildConfiguration;
			buildSettings = {
				ALWAYS_SEARCH_USER_PATHS = NO;
				CLANG_ANALYZER_LOCALIZABILITY_NONLOCALIZED = YES;
				CLANG_ANALYZER_NONNULL = YES;
				CLANG_ANALYZER_NUMBER_OBJECT_CONVERSION = YES_AGGRESSIVE;
				CLANG_CXX_LANGUAGE_STANDARD = "gnu++14";
				CLANG_CXX_LIBRARY = "libc++";
				CLANG_ENABLE_MODULES = YES;
				CLANG_ENABLE_OBJC_ARC = YES;
				CLANG_ENABLE_OBJC_WEAK = YES;
				CLANG_WARN_BLOCK_CAPTURE_AUTORELEASING = YES;
				CLANG_WARN_BOOL_CONVERSION = YES;
				CLANG_WARN_COMMA = YES;
				CLANG_WARN_CONSTANT_CONVERSION = YES;
				CLANG_WARN_DEPRECATED_OBJC_IMPLEMENTATIONS = YES;
				CLANG_WARN_DIRECT_OBJC_ISA_USAGE = YES_ERROR;
				CLANG_WARN_DOCUMENTATION_COMMENTS = YES;
				CLANG_WARN_EMPTY_BODY = YES;
				CLANG_WARN_ENUM_CONVERSION = YES;
				CLANG_WARN_INFINITE_RECURSION = YES;
				CLANG_WARN_INT_CONVERSION = YES;
				CLANG_WARN_NON_LITERAL_NULL_CONVERSION = YES;
				CLANG_WARN_OBJC_IMPLICIT_RETAIN_SELF = YES;
				CLANG_WARN_OBJC_LITERAL_CONVERSION = YES;
				CLANG_WARN_OBJC_ROOT_CLASS = YES_ERROR;
				CLANG_WARN_RANGE_LOOP_ANALYSIS = YES;
				CLANG_WARN_STRICT_PROTOTYPES = YES;
				CLANG_WARN_SUSPICIOUS_MOVE = YES;
				CLANG_WARN_UNGUARDED_AVAILABILITY = YES_AGGRESSIVE;
				CLANG_WARN_UNREACHABLE_CODE = YES;
				CLANG_WARN__DUPLICATE_METHOD_MATCH = YES;
				CODE_SIGN_IDENTITY = "iPhone Developer";
				COPY_PHASE_STRIP = NO;
				DEBUG_INFORMATION_FORMAT = "dwarf-with-dsym";
				ENABLE_NS_ASSERTIONS = NO;
				ENABLE_STRICT_OBJC_MSGSEND = YES;
				GCC_C_LANGUAGE_STANDARD = gnu11;
				GCC_NO_COMMON_BLOCKS = YES;
				GCC_WARN_64_TO_32_BIT_CONVERSION = YES;
				GCC_WARN_ABOUT_RETURN_TYPE = YES_ERROR;
				GCC_WARN_UNDECLARED_SELECTOR = YES;
				GCC_WARN_UNINITIALIZED_AUTOS = YES_AGGRESSIVE;
				GCC_WARN_UNUSED_FUNCTION = YES;
				GCC_WARN_UNUSED_VARIABLE = YES;
				IPHONEOS_DEPLOYMENT_TARGET = 12.1;
				MTL_ENABLE_DEBUG_INFO = NO;
				MTL_FAST_MATH = YES;
				SDKROOT = iphoneos;
				SWIFT_COMPILATION_MODE = wholemodule;
				SWIFT_OPTIMIZATION_LEVEL = "-O";
				VALIDATE_PRODUCT = YES;
			};
			name = Release;
		};
		F060107F22CF6DA0008BDCF4 /* Debug */ = {
			isa = XCBuildConfiguration;
			baseConfigurationReference = EAE405B41A53D09E8F6FB046 /* Pods-EGIC.debug.xcconfig */;
			buildSettings = {
				ASSETCATALOG_COMPILER_APPICON_NAME = AppIcon;
				CODE_SIGN_STYLE = Automatic;
				DEVELOPMENT_TEAM = MLM8YK22VB;
				INFOPLIST_FILE = EGIC/Info.plist;
				LD_RUNPATH_SEARCH_PATHS = (
					"$(inherited)",
					"@executable_path/Frameworks",
				);
				PRODUCT_BUNDLE_IDENTIFIER = com.ramysabry1996.EGIC6;
				PRODUCT_NAME = "$(TARGET_NAME)";
				SWIFT_VERSION = 4.2;
				TARGETED_DEVICE_FAMILY = "1,2";
			};
			name = Debug;
		};
		F060108022CF6DA0008BDCF4 /* Release */ = {
			isa = XCBuildConfiguration;
			baseConfigurationReference = 4DF6B3BA010C8B7ABC3DCB76 /* Pods-EGIC.release.xcconfig */;
			buildSettings = {
				ASSETCATALOG_COMPILER_APPICON_NAME = AppIcon;
				CODE_SIGN_STYLE = Automatic;
				DEVELOPMENT_TEAM = MLM8YK22VB;
				INFOPLIST_FILE = EGIC/Info.plist;
				LD_RUNPATH_SEARCH_PATHS = (
					"$(inherited)",
					"@executable_path/Frameworks",
				);
				PRODUCT_BUNDLE_IDENTIFIER = com.ramysabry1996.EGIC6;
				PRODUCT_NAME = "$(TARGET_NAME)";
				SWIFT_VERSION = 4.2;
				TARGETED_DEVICE_FAMILY = "1,2";
			};
			name = Release;
		};
/* End XCBuildConfiguration section */

/* Begin XCConfigurationList section */
		F060106722CF6D9E008BDCF4 /* Build configuration list for PBXProject "EGIC" */ = {
			isa = XCConfigurationList;
			buildConfigurations = (
				F060107C22CF6DA0008BDCF4 /* Debug */,
				F060107D22CF6DA0008BDCF4 /* Release */,
			);
			defaultConfigurationIsVisible = 0;
			defaultConfigurationName = Release;
		};
		F060107E22CF6DA0008BDCF4 /* Build configuration list for PBXNativeTarget "EGIC" */ = {
			isa = XCConfigurationList;
			buildConfigurations = (
				F060107F22CF6DA0008BDCF4 /* Debug */,
				F060108022CF6DA0008BDCF4 /* Release */,
			);
			defaultConfigurationIsVisible = 0;
			defaultConfigurationName = Release;
		};
/* End XCConfigurationList section */
	};
	rootObject = F060106422CF6D9E008BDCF4 /* Project object */;
}
